
Microsoft Visual Studio Solution File, Format Version 12.00
# Visual Studio 15
Project("{FAE04EC0-301F-11D3-BF4B-00C04F79EFBC}") = "UnityEngine.UI", "UnityEngine.UI.csproj", "{825BDDF8-FEFF-F08F-9B40-DDA37B6F84D5}"
EndProject
Project("{FAE04EC0-301F-11D3-BF4B-00C04F79EFBC}") = "UnityEngine.TestRunner", "UnityEngine.TestRunner.csproj", "{1CF64F30-C924-772D-1921-1B5C41D8F07E}"
EndProject
Project("{FAE04EC0-301F-11D3-BF4B-00C04F79EFBC}") = "Unity.Mathematics", "Unity.Mathematics.csproj", "{0FD2AE5A-05E2-B41F-56FA-E33AA45C77E0}"
EndProject
Project("{FAE04EC0-301F-11D3-BF4B-00C04F79EFBC}") = "Unity.2D.Animation.Triangle.Runtime", "Unity.2D.Animation.Triangle.Runtime.csproj", "{1CDB4CE1-1C8F-87AC-5115-994238B1E92A}"
EndProject
Project("{FAE04EC0-301F-11D3-BF4B-00C04F79EFBC}") = "Unity.Timeline", "Unity.Timeline.csproj", "{6F8D28BE-28D9-541E-D926-2B9F3F1195E1}"
EndProject
Project("{FAE04EC0-301F-11D3-BF4B-00C04F79EFBC}") = "Unity.TextMeshPro", "Unity.TextMeshPro.csproj", "{9CF84491-BD83-E145-E750-B0E692E3BD1E}"
EndProject
Project("{FAE04EC0-301F-11D3-BF4B-00C04F79EFBC}") = "Unity.2D.Animation.Runtime", "Unity.2D.Animation.Runtime.csproj", "{C502B6B2-6626-5C4A-6F90-0EEED3AC2C99}"
EndProject
Project("{FAE04EC0-301F-11D3-BF4B-00C04F79EFBC}") = "Unity.2D.IK.Runtime", "Unity.2D.IK.Runtime.csproj", "{72F1F671-2842-7921-2E06-5E5F1D11D6B2}"
EndProject
Project("{FAE04EC0-301F-11D3-BF4B-00C04F79EFBC}") = "Unity.2D.SpriteShape.Runtime", "Unity.2D.SpriteShape.Runtime.csproj", "{2EA19A12-ECB4-3B7A-E099-26DB6E38317E}"
EndProject
Project("{FAE04EC0-301F-11D3-BF4B-00C04F79EFBC}") = "Unity.2D.PixelPerfect", "Unity.2D.PixelPerfect.csproj", "{4386E6B4-0132-C891-162F-47FD3934B3B0}"
EndProject
Project("{FAE04EC0-301F-11D3-BF4B-00C04F79EFBC}") = "Assembly-CSharp", "Assembly-CSharp.csproj", "{7F676AE0-04AE-5EC3-B807-1D39C468C467}"
EndProject
Project("{FAE04EC0-301F-11D3-BF4B-00C04F79EFBC}") = "Unity.2D.Common.Runtime", "Unity.2D.Common.Runtime.csproj", "{D06BA31E-33FC-5FA1-9A7B-5A247329BCC2}"
EndProject
Project("{FAE04EC0-301F-11D3-BF4B-00C04F79EFBC}") = "Unity.InternalAPIEngineBridge.001", "Unity.InternalAPIEngineBridge.001.csproj", "{21CE2348-B3E9-75AE-FDC9-214681F85050}"
EndProject
Project("{FAE04EC0-301F-11D3-BF4B-00C04F79EFBC}") = "UnityEditor.TestRunner", "UnityEditor.TestRunner.csproj", "{1AA17D96-F0D9-4A0D-DF6A-5977C1D55B98}"
EndProject
Project("{FAE04EC0-301F-11D3-BF4B-00C04F79EFBC}") = "Unity.PlasticSCM.Editor", "Unity.PlasticSCM.Editor.csproj", "{A8BC2878-428A-9A85-7158-859B483826F6}"
EndProject
Project("{FAE04EC0-301F-11D3-BF4B-00C04F79EFBC}") = "UnityEditor.UI", "UnityEditor.UI.csproj", "{5446DAF7-AA50-5BDA-2FC4-407256ADE45E}"
EndProject
Project("{FAE04EC0-301F-11D3-BF4B-00C04F79EFBC}") = "Unity.Timeline.Editor", "Unity.Timeline.Editor.csproj", "{D7808D99-FB93-DA46-FDA3-645AA49B9D50}"
EndProject
Project("{FAE04EC0-301F-11D3-BF4B-00C04F79EFBC}") = "Unity.VisualStudio.Editor", "Unity.VisualStudio.Editor.csproj", "{F6E122CF-B8FC-8DD5-FDA4-35B6E12841C4}"
EndProject
Project("{FAE04EC0-301F-11D3-BF4B-00C04F79EFBC}") = "Unity.2D.Psdimporter.Editor", "Unity.2D.Psdimporter.Editor.csproj", "{01EA8C7E-629D-0180-9BB4-9D1C170623BC}"
EndProject
Project("{FAE04EC0-301F-11D3-BF4B-00C04F79EFBC}") = "Unity.2D.Animation.Editor", "Unity.2D.Animation.Editor.csproj", "{78CAE877-EB8C-1A6A-DF4A-9645BADC0254}"
EndProject
Project("{FAE04EC0-301F-11D3-BF4B-00C04F79EFBC}") = "Unity.TextMeshPro.Editor", "Unity.TextMeshPro.Editor.csproj", "{46684CD3-96F0-1AB8-3162-DDEBEAAF1603}"
EndProject
Project("{FAE04EC0-301F-11D3-BF4B-00C04F79EFBC}") = "Unity.2D.SpriteShape.Editor", "Unity.2D.SpriteShape.Editor.csproj", "{8680AEB5-7684-CE78-CAC9-7B4A0B8BF4C2}"
EndProject
Project("{FAE04EC0-301F-11D3-BF4B-00C04F79EFBC}") = "Unity.CollabProxy.Editor", "Unity.CollabProxy.Editor.csproj", "{D210752F-1C09-5FB6-D4FF-793EAE93DE32}"
EndProject
Project("{FAE04EC0-301F-11D3-BF4B-00C04F79EFBC}") = "PsdPlugin", "PsdPlugin.csproj", "{45BD71F2-F05A-A25E-0ED1-62E53A79DA7D}"
EndProject
Project("{FAE04EC0-301F-11D3-BF4B-00C04F79EFBC}") = "Unity.2D.Path.Editor", "Unity.2D.Path.Editor.csproj", "{BDBBCC9A-F5D6-18F2-E2F2-55BF512F5B4E}"
EndProject
Project("{FAE04EC0-301F-11D3-BF4B-00C04F79EFBC}") = "Unity.Rider.Editor", "Unity.Rider.Editor.csproj", "{241D93C2-C49A-F220-3DC2-BD78D36A1CF3}"
EndProject
Project("{FAE04EC0-301F-11D3-BF4B-00C04F79EFBC}") = "Unity.2D.IK.Editor", "Unity.2D.IK.Editor.csproj", "{570C8F00-DC95-96D9-1CC3-229E841B8708}"
EndProject
Project("{FAE04EC0-301F-11D3-BF4B-00C04F79EFBC}") = "Unity.2D.Sprite.Editor", "Unity.2D.Sprite.Editor.csproj", "{B2A053C9-DFDE-29A4-78BB-A038D698D6FA}"
EndProject
Project("{FAE04EC0-301F-11D3-BF4B-00C04F79EFBC}") = "Unity.2D.Tilemap.Editor", "Unity.2D.Tilemap.Editor.csproj", "{386E3D97-8A04-9444-474D-C10E8F358ACE}"
EndProject
Project("{FAE04EC0-301F-11D3-BF4B-00C04F79EFBC}") = "Unity.2D.PixelPerfect.Editor", "Unity.2D.PixelPerfect.Editor.csproj", "{40388919-2940-EEA0-68E7-8F197140CC45}"
EndProject
Project("{FAE04EC0-301F-11D3-BF4B-00C04F79EFBC}") = "Unity.VSCode.Editor", "Unity.VSCode.Editor.csproj", "{A0567DEC-CD1A-A001-EE81-830AA822157A}"
EndProject
Project("{FAE04EC0-301F-11D3-BF4B-00C04F79EFBC}") = "Unity.2D.Common.Editor", "Unity.2D.Common.Editor.csproj", "{A6D971CB-D37B-902F-D11C-CFC223E73579}"
EndProject
Project("{FAE04EC0-301F-11D3-BF4B-00C04F79EFBC}") = "Unity.Mathematics.Editor", "Unity.Mathematics.Editor.csproj", "{3478038D-E86B-3C92-967A-06A660DE1D4A}"
EndProject
Project("{FAE04EC0-301F-11D3-BF4B-00C04F79EFBC}") = "Unity.InternalAPIEditorBridge.001", "Unity.InternalAPIEditorBridge.001.csproj", "{799973A1-DDEA-256D-2854-E124535F30C0}"
EndProject
Project("{FAE04EC0-301F-11D3-BF4B-00C04F79EFBC}") = "UnityEngine.UI", "UnityEngine.UI.Player.csproj", "{4FDE61A4-AA67-A642-9289-6B0F02D80669}"
EndProject
Project("{FAE04EC0-301F-11D3-BF4B-00C04F79EFBC}") = "UnityEngine.TestRunner", "UnityEngine.TestRunner.Player.csproj", "{96CCB31D-A373-68B2-9719-F61581CE5510}"
EndProject
Project("{FAE04EC0-301F-11D3-BF4B-00C04F79EFBC}") = "Unity.Mathematics", "Unity.Mathematics.Player.csproj", "{FC42B00A-EE01-FD4D-E360-6B9D1672AFF9}"
EndProject
Project("{FAE04EC0-301F-11D3-BF4B-00C04F79EFBC}") = "Unity.2D.Animation.Triangle.Runtime", "Unity.2D.Animation.Triangle.Runtime.Player.csproj", "{FF845703-D8EF-C671-5CBB-2820CBD4D1F1}"
EndProject
Project("{FAE04EC0-301F-11D3-BF4B-00C04F79EFBC}") = "Unity.Timeline", "Unity.Timeline.Player.csproj", "{4107A505-9C51-DBD3-2CC5-6848E0230AA0}"
EndProject
Project("{FAE04EC0-301F-11D3-BF4B-00C04F79EFBC}") = "Unity.TextMeshPro", "Unity.TextMeshPro.Player.csproj", "{A3E209B5-A64B-64E0-54E3-4488071736EA}"
EndProject
Project("{FAE04EC0-301F-11D3-BF4B-00C04F79EFBC}") = "Unity.2D.Animation.Runtime", "Unity.2D.Animation.Runtime.Player.csproj", "{7F850B38-21E1-B485-28F6-23D1181096DC}"
EndProject
Project("{FAE04EC0-301F-11D3-BF4B-00C04F79EFBC}") = "Unity.2D.IK.Runtime", "Unity.2D.IK.Runtime.Player.csproj", "{F9407FC0-A744-66C7-6C1D-1537DF90D44B}"
EndProject
Project("{FAE04EC0-301F-11D3-BF4B-00C04F79EFBC}") = "Unity.2D.SpriteShape.Runtime", "Unity.2D.SpriteShape.Runtime.Player.csproj", "{7C5D5D0B-53E0-9815-7309-2DE9F326F316}"
EndProject
Project("{FAE04EC0-301F-11D3-BF4B-00C04F79EFBC}") = "Unity.2D.PixelPerfect", "Unity.2D.PixelPerfect.Player.csproj", "{59327D1B-E584-E008-099D-D0F729CAE684}"
EndProject
Project("{FAE04EC0-301F-11D3-BF4B-00C04F79EFBC}") = "Assembly-CSharp", "Assembly-CSharp.Player.csproj", "{138AF6B7-7BC6-9805-0316-836AE397386C}"
EndProject
Project("{FAE04EC0-301F-11D3-BF4B-00C04F79EFBC}") = "Unity.2D.Common.Runtime", "Unity.2D.Common.Runtime.Player.csproj", "{43BA0ABD-A643-5FE3-3340-86B9ED25C401}"
EndProject
Project("{FAE04EC0-301F-11D3-BF4B-00C04F79EFBC}") = "Unity.InternalAPIEngineBridge.001", "Unity.InternalAPIEngineBridge.001.Player.csproj", "{0E1E8F79-6F46-864F-DF71-C1C33B96E582}"
EndProject
Global
	GlobalSection(SolutionConfigurationPlatforms) = preSolution
		Debug|Any CPU = Debug|Any CPU
		Release|Any CPU = Release|Any CPU
	EndGlobalSection
	GlobalSection(ProjectConfigurationPlatforms) = postSolution
		{825BDDF8-FEFF-F08F-9B40-DDA37B6F84D5}.Debug|Any CPU.ActiveCfg = Debug|Any CPU
		{825BDDF8-FEFF-F08F-9B40-DDA37B6F84D5}.Debug|Any CPU.Build.0 = Debug|Any CPU
		{825BDDF8-FEFF-F08F-9B40-DDA37B6F84D5}.Release|Any CPU.ActiveCfg = Release|Any CPU
		{825BDDF8-FEFF-F08F-9B40-DDA37B6F84D5}.Release|Any CPU.Build.0 = Release|Any CPU
		{1CF64F30-C924-772D-1921-1B5C41D8F07E}.Debug|Any CPU.ActiveCfg = Debug|Any CPU
		{1CF64F30-C924-772D-1921-1B5C41D8F07E}.Debug|Any CPU.Build.0 = Debug|Any CPU
		{1CF64F30-C924-772D-1921-1B5C41D8F07E}.Release|Any CPU.ActiveCfg = Release|Any CPU
		{1CF64F30-C924-772D-1921-1B5C41D8F07E}.Release|Any CPU.Build.0 = Release|Any CPU
		{0FD2AE5A-05E2-B41F-56FA-E33AA45C77E0}.Debug|Any CPU.ActiveCfg = Debug|Any CPU
		{0FD2AE5A-05E2-B41F-56FA-E33AA45C77E0}.Debug|Any CPU.Build.0 = Debug|Any CPU
		{0FD2AE5A-05E2-B41F-56FA-E33AA45C77E0}.Release|Any CPU.ActiveCfg = Release|Any CPU
		{0FD2AE5A-05E2-B41F-56FA-E33AA45C77E0}.Release|Any CPU.Build.0 = Release|Any CPU
		{1CDB4CE1-1C8F-87AC-5115-994238B1E92A}.Debug|Any CPU.ActiveCfg = Debug|Any CPU
		{1CDB4CE1-1C8F-87AC-5115-994238B1E92A}.Debug|Any CPU.Build.0 = Debug|Any CPU
		{1CDB4CE1-1C8F-87AC-5115-994238B1E92A}.Release|Any CPU.ActiveCfg = Release|Any CPU
		{1CDB4CE1-1C8F-87AC-5115-994238B1E92A}.Release|Any CPU.Build.0 = Release|Any CPU
		{6F8D28BE-28D9-541E-D926-2B9F3F1195E1}.Debug|Any CPU.ActiveCfg = Debug|Any CPU
		{6F8D28BE-28D9-541E-D926-2B9F3F1195E1}.Debug|Any CPU.Build.0 = Debug|Any CPU
		{6F8D28BE-28D9-541E-D926-2B9F3F1195E1}.Release|Any CPU.ActiveCfg = Release|Any CPU
		{6F8D28BE-28D9-541E-D926-2B9F3F1195E1}.Release|Any CPU.Build.0 = Release|Any CPU
		{9CF84491-BD83-E145-E750-B0E692E3BD1E}.Debug|Any CPU.ActiveCfg = Debug|Any CPU
		{9CF84491-BD83-E145-E750-B0E692E3BD1E}.Debug|Any CPU.Build.0 = Debug|Any CPU
		{9CF84491-BD83-E145-E750-B0E692E3BD1E}.Release|Any CPU.ActiveCfg = Release|Any CPU
		{9CF84491-BD83-E145-E750-B0E692E3BD1E}.Release|Any CPU.Build.0 = Release|Any CPU
		{C502B6B2-6626-5C4A-6F90-0EEED3AC2C99}.Debug|Any CPU.ActiveCfg = Debug|Any CPU
		{C502B6B2-6626-5C4A-6F90-0EEED3AC2C99}.Debug|Any CPU.Build.0 = Debug|Any CPU
		{C502B6B2-6626-5C4A-6F90-0EEED3AC2C99}.Release|Any CPU.ActiveCfg = Release|Any CPU
		{C502B6B2-6626-5C4A-6F90-0EEED3AC2C99}.Release|Any CPU.Build.0 = Release|Any CPU
		{72F1F671-2842-7921-2E06-5E5F1D11D6B2}.Debug|Any CPU.ActiveCfg = Debug|Any CPU
		{72F1F671-2842-7921-2E06-5E5F1D11D6B2}.Debug|Any CPU.Build.0 = Debug|Any CPU
		{72F1F671-2842-7921-2E06-5E5F1D11D6B2}.Release|Any CPU.ActiveCfg = Release|Any CPU
		{72F1F671-2842-7921-2E06-5E5F1D11D6B2}.Release|Any CPU.Build.0 = Release|Any CPU
		{2EA19A12-ECB4-3B7A-E099-26DB6E38317E}.Debug|Any CPU.ActiveCfg = Debug|Any CPU
		{2EA19A12-ECB4-3B7A-E099-26DB6E38317E}.Debug|Any CPU.Build.0 = Debug|Any CPU
		{2EA19A12-ECB4-3B7A-E099-26DB6E38317E}.Release|Any CPU.ActiveCfg = Release|Any CPU
		{2EA19A12-ECB4-3B7A-E099-26DB6E38317E}.Release|Any CPU.Build.0 = Release|Any CPU
		{4386E6B4-0132-C891-162F-47FD3934B3B0}.Debug|Any CPU.ActiveCfg = Debug|Any CPU
		{4386E6B4-0132-C891-162F-47FD3934B3B0}.Debug|Any CPU.Build.0 = Debug|Any CPU
		{4386E6B4-0132-C891-162F-47FD3934B3B0}.Release|Any CPU.ActiveCfg = Release|Any CPU
		{4386E6B4-0132-C891-162F-47FD3934B3B0}.Release|Any CPU.Build.0 = Release|Any CPU
		{7F676AE0-04AE-5EC3-B807-1D39C468C467}.Debug|Any CPU.ActiveCfg = Debug|Any CPU
		{7F676AE0-04AE-5EC3-B807-1D39C468C467}.Debug|Any CPU.Build.0 = Debug|Any CPU
		{7F676AE0-04AE-5EC3-B807-1D39C468C467}.Release|Any CPU.ActiveCfg = Release|Any CPU
		{7F676AE0-04AE-5EC3-B807-1D39C468C467}.Release|Any CPU.Build.0 = Release|Any CPU
		{D06BA31E-33FC-5FA1-9A7B-5A247329BCC2}.Debug|Any CPU.ActiveCfg = Debug|Any CPU
		{D06BA31E-33FC-5FA1-9A7B-5A247329BCC2}.Debug|Any CPU.Build.0 = Debug|Any CPU
		{D06BA31E-33FC-5FA1-9A7B-5A247329BCC2}.Release|Any CPU.ActiveCfg = Release|Any CPU
		{D06BA31E-33FC-5FA1-9A7B-5A247329BCC2}.Release|Any CPU.Build.0 = Release|Any CPU
		{21CE2348-B3E9-75AE-FDC9-214681F85050}.Debug|Any CPU.ActiveCfg = Debug|Any CPU
		{21CE2348-B3E9-75AE-FDC9-214681F85050}.Debug|Any CPU.Build.0 = Debug|Any CPU
		{21CE2348-B3E9-75AE-FDC9-214681F85050}.Release|Any CPU.ActiveCfg = Release|Any CPU
		{21CE2348-B3E9-75AE-FDC9-214681F85050}.Release|Any CPU.Build.0 = Release|Any CPU
		{1AA17D96-F0D9-4A0D-DF6A-5977C1D55B98}.Debug|Any CPU.ActiveCfg = Debug|Any CPU
		{1AA17D96-F0D9-4A0D-DF6A-5977C1D55B98}.Debug|Any CPU.Build.0 = Debug|Any CPU
		{1AA17D96-F0D9-4A0D-DF6A-5977C1D55B98}.Release|Any CPU.ActiveCfg = Release|Any CPU
		{1AA17D96-F0D9-4A0D-DF6A-5977C1D55B98}.Release|Any CPU.Build.0 = Release|Any CPU
		{A8BC2878-428A-9A85-7158-859B483826F6}.Debug|Any CPU.ActiveCfg = Debug|Any CPU
		{A8BC2878-428A-9A85-7158-859B483826F6}.Debug|Any CPU.Build.0 = Debug|Any CPU
		{A8BC2878-428A-9A85-7158-859B483826F6}.Release|Any CPU.ActiveCfg = Release|Any CPU
		{A8BC2878-428A-9A85-7158-859B483826F6}.Release|Any CPU.Build.0 = Release|Any CPU
		{5446DAF7-AA50-5BDA-2FC4-407256ADE45E}.Debug|Any CPU.ActiveCfg = Debug|Any CPU
		{5446DAF7-AA50-5BDA-2FC4-407256ADE45E}.Debug|Any CPU.Build.0 = Debug|Any CPU
		{5446DAF7-AA50-5BDA-2FC4-407256ADE45E}.Release|Any CPU.ActiveCfg = Release|Any CPU
		{5446DAF7-AA50-5BDA-2FC4-407256ADE45E}.Release|Any CPU.Build.0 = Release|Any CPU
		{D7808D99-FB93-DA46-FDA3-645AA49B9D50}.Debug|Any CPU.ActiveCfg = Debug|Any CPU
		{D7808D99-FB93-DA46-FDA3-645AA49B9D50}.Debug|Any CPU.Build.0 = Debug|Any CPU
		{D7808D99-FB93-DA46-FDA3-645AA49B9D50}.Release|Any CPU.ActiveCfg = Release|Any CPU
		{D7808D99-FB93-DA46-FDA3-645AA49B9D50}.Release|Any CPU.Build.0 = Release|Any CPU
		{F6E122CF-B8FC-8DD5-FDA4-35B6E12841C4}.Debug|Any CPU.ActiveCfg = Debug|Any CPU
		{F6E122CF-B8FC-8DD5-FDA4-35B6E12841C4}.Debug|Any CPU.Build.0 = Debug|Any CPU
		{F6E122CF-B8FC-8DD5-FDA4-35B6E12841C4}.Release|Any CPU.ActiveCfg = Release|Any CPU
		{F6E122CF-B8FC-8DD5-FDA4-35B6E12841C4}.Release|Any CPU.Build.0 = Release|Any CPU
		{01EA8C7E-629D-0180-9BB4-9D1C170623BC}.Debug|Any CPU.ActiveCfg = Debug|Any CPU
		{01EA8C7E-629D-0180-9BB4-9D1C170623BC}.Debug|Any CPU.Build.0 = Debug|Any CPU
		{01EA8C7E-629D-0180-9BB4-9D1C170623BC}.Release|Any CPU.ActiveCfg = Release|Any CPU
		{01EA8C7E-629D-0180-9BB4-9D1C170623BC}.Release|Any CPU.Build.0 = Release|Any CPU
		{78CAE877-EB8C-1A6A-DF4A-9645BADC0254}.Debug|Any CPU.ActiveCfg = Debug|Any CPU
		{78CAE877-EB8C-1A6A-DF4A-9645BADC0254}.Debug|Any CPU.Build.0 = Debug|Any CPU
		{78CAE877-EB8C-1A6A-DF4A-9645BADC0254}.Release|Any CPU.ActiveCfg = Release|Any CPU
		{78CAE877-EB8C-1A6A-DF4A-9645BADC0254}.Release|Any CPU.Build.0 = Release|Any CPU
		{46684CD3-96F0-1AB8-3162-DDEBEAAF1603}.Debug|Any CPU.ActiveCfg = Debug|Any CPU
		{46684CD3-96F0-1AB8-3162-DDEBEAAF1603}.Debug|Any CPU.Build.0 = Debug|Any CPU
		{46684CD3-96F0-1AB8-3162-DDEBEAAF1603}.Release|Any CPU.ActiveCfg = Release|Any CPU
		{46684CD3-96F0-1AB8-3162-DDEBEAAF1603}.Release|Any CPU.Build.0 = Release|Any CPU
		{8680AEB5-7684-CE78-CAC9-7B4A0B8BF4C2}.Debug|Any CPU.ActiveCfg = Debug|Any CPU
		{8680AEB5-7684-CE78-CAC9-7B4A0B8BF4C2}.Debug|Any CPU.Build.0 = Debug|Any CPU
		{8680AEB5-7684-CE78-CAC9-7B4A0B8BF4C2}.Release|Any CPU.ActiveCfg = Release|Any CPU
		{8680AEB5-7684-CE78-CAC9-7B4A0B8BF4C2}.Release|Any CPU.Build.0 = Release|Any CPU
		{D210752F-1C09-5FB6-D4FF-793EAE93DE32}.Debug|Any CPU.ActiveCfg = Debug|Any CPU
		{D210752F-1C09-5FB6-D4FF-793EAE93DE32}.Debug|Any CPU.Build.0 = Debug|Any CPU
		{D210752F-1C09-5FB6-D4FF-793EAE93DE32}.Release|Any CPU.ActiveCfg = Release|Any CPU
		{D210752F-1C09-5FB6-D4FF-793EAE93DE32}.Release|Any CPU.Build.0 = Release|Any CPU
		{45BD71F2-F05A-A25E-0ED1-62E53A79DA7D}.Debug|Any CPU.ActiveCfg = Debug|Any CPU
		{45BD71F2-F05A-A25E-0ED1-62E53A79DA7D}.Debug|Any CPU.Build.0 = Debug|Any CPU
		{45BD71F2-F05A-A25E-0ED1-62E53A79DA7D}.Release|Any CPU.ActiveCfg = Release|Any CPU
		{45BD71F2-F05A-A25E-0ED1-62E53A79DA7D}.Release|Any CPU.Build.0 = Release|Any CPU
		{BDBBCC9A-F5D6-18F2-E2F2-55BF512F5B4E}.Debug|Any CPU.ActiveCfg = Debug|Any CPU
		{BDBBCC9A-F5D6-18F2-E2F2-55BF512F5B4E}.Debug|Any CPU.Build.0 = Debug|Any CPU
		{BDBBCC9A-F5D6-18F2-E2F2-55BF512F5B4E}.Release|Any CPU.ActiveCfg = Release|Any CPU
		{BDBBCC9A-F5D6-18F2-E2F2-55BF512F5B4E}.Release|Any CPU.Build.0 = Release|Any CPU
		{241D93C2-C49A-F220-3DC2-BD78D36A1CF3}.Debug|Any CPU.ActiveCfg = Debug|Any CPU
		{241D93C2-C49A-F220-3DC2-BD78D36A1CF3}.Debug|Any CPU.Build.0 = Debug|Any CPU
		{241D93C2-C49A-F220-3DC2-BD78D36A1CF3}.Release|Any CPU.ActiveCfg = Release|Any CPU
		{241D93C2-C49A-F220-3DC2-BD78D36A1CF3}.Release|Any CPU.Build.0 = Release|Any CPU
		{570C8F00-DC95-96D9-1CC3-229E841B8708}.Debug|Any CPU.ActiveCfg = Debug|Any CPU
		{570C8F00-DC95-96D9-1CC3-229E841B8708}.Debug|Any CPU.Build.0 = Debug|Any CPU
		{570C8F00-DC95-96D9-1CC3-229E841B8708}.Release|Any CPU.ActiveCfg = Release|Any CPU
		{570C8F00-DC95-96D9-1CC3-229E841B8708}.Release|Any CPU.Build.0 = Release|Any CPU
		{B2A053C9-DFDE-29A4-78BB-A038D698D6FA}.Debug|Any CPU.ActiveCfg = Debug|Any CPU
		{B2A053C9-DFDE-29A4-78BB-A038D698D6FA}.Debug|Any CPU.Build.0 = Debug|Any CPU
		{B2A053C9-DFDE-29A4-78BB-A038D698D6FA}.Release|Any CPU.ActiveCfg = Release|Any CPU
		{B2A053C9-DFDE-29A4-78BB-A038D698D6FA}.Release|Any CPU.Build.0 = Release|Any CPU
		{386E3D97-8A04-9444-474D-C10E8F358ACE}.Debug|Any CPU.ActiveCfg = Debug|Any CPU
		{386E3D97-8A04-9444-474D-C10E8F358ACE}.Debug|Any CPU.Build.0 = Debug|Any CPU
		{386E3D97-8A04-9444-474D-C10E8F358ACE}.Release|Any CPU.ActiveCfg = Release|Any CPU
		{386E3D97-8A04-9444-474D-C10E8F358ACE}.Release|Any CPU.Build.0 = Release|Any CPU
		{40388919-2940-EEA0-68E7-8F197140CC45}.Debug|Any CPU.ActiveCfg = Debug|Any CPU
		{40388919-2940-EEA0-68E7-8F197140CC45}.Debug|Any CPU.Build.0 = Debug|Any CPU
		{40388919-2940-EEA0-68E7-8F197140CC45}.Release|Any CPU.ActiveCfg = Release|Any CPU
		{40388919-2940-EEA0-68E7-8F197140CC45}.Release|Any CPU.Build.0 = Release|Any CPU
		{A0567DEC-CD1A-A001-EE81-830AA822157A}.Debug|Any CPU.ActiveCfg = Debug|Any CPU
		{A0567DEC-CD1A-A001-EE81-830AA822157A}.Debug|Any CPU.Build.0 = Debug|Any CPU
		{A0567DEC-CD1A-A001-EE81-830AA822157A}.Release|Any CPU.ActiveCfg = Release|Any CPU
		{A0567DEC-CD1A-A001-EE81-830AA822157A}.Release|Any CPU.Build.0 = Release|Any CPU
		{A6D971CB-D37B-902F-D11C-CFC223E73579}.Debug|Any CPU.ActiveCfg = Debug|Any CPU
		{A6D971CB-D37B-902F-D11C-CFC223E73579}.Debug|Any CPU.Build.0 = Debug|Any CPU
		{A6D971CB-D37B-902F-D11C-CFC223E73579}.Release|Any CPU.ActiveCfg = Release|Any CPU
		{A6D971CB-D37B-902F-D11C-CFC223E73579}.Release|Any CPU.Build.0 = Release|Any CPU
		{3478038D-E86B-3C92-967A-06A660DE1D4A}.Debug|Any CPU.ActiveCfg = Debug|Any CPU
		{3478038D-E86B-3C92-967A-06A660DE1D4A}.Debug|Any CPU.Build.0 = Debug|Any CPU
		{3478038D-E86B-3C92-967A-06A660DE1D4A}.Release|Any CPU.ActiveCfg = Release|Any CPU
		{3478038D-E86B-3C92-967A-06A660DE1D4A}.Release|Any CPU.Build.0 = Release|Any CPU
		{799973A1-DDEA-256D-2854-E124535F30C0}.Debug|Any CPU.ActiveCfg = Debug|Any CPU
		{799973A1-DDEA-256D-2854-E124535F30C0}.Debug|Any CPU.Build.0 = Debug|Any CPU
		{799973A1-DDEA-256D-2854-E124535F30C0}.Release|Any CPU.ActiveCfg = Release|Any CPU
		{799973A1-DDEA-256D-2854-E124535F30C0}.Release|Any CPU.Build.0 = Release|Any CPU
		{4FDE61A4-AA67-A642-9289-6B0F02D80669}.Debug|Any CPU.ActiveCfg = Debug|Any CPU
		{4FDE61A4-AA67-A642-9289-6B0F02D80669}.Debug|Any CPU.Build.0 = Debug|Any CPU
		{4FDE61A4-AA67-A642-9289-6B0F02D80669}.Release|Any CPU.ActiveCfg = Release|Any CPU
		{4FDE61A4-AA67-A642-9289-6B0F02D80669}.Release|Any CPU.Build.0 = Release|Any CPU
		{96CCB31D-A373-68B2-9719-F61581CE5510}.Debug|Any CPU.ActiveCfg = Debug|Any CPU
		{96CCB31D-A373-68B2-9719-F61581CE5510}.Debug|Any CPU.Build.0 = Debug|Any CPU
		{96CCB31D-A373-68B2-9719-F61581CE5510}.Release|Any CPU.ActiveCfg = Release|Any CPU
		{96CCB31D-A373-68B2-9719-F61581CE5510}.Release|Any CPU.Build.0 = Release|Any CPU
		{FC42B00A-EE01-FD4D-E360-6B9D1672AFF9}.Debug|Any CPU.ActiveCfg = Debug|Any CPU
		{FC42B00A-EE01-FD4D-E360-6B9D1672AFF9}.Debug|Any CPU.Build.0 = Debug|Any CPU
		{FC42B00A-EE01-FD4D-E360-6B9D1672AFF9}.Release|Any CPU.ActiveCfg = Release|Any CPU
		{FC42B00A-EE01-FD4D-E360-6B9D1672AFF9}.Release|Any CPU.Build.0 = Release|Any CPU
		{FF845703-D8EF-C671-5CBB-2820CBD4D1F1}.Debug|Any CPU.ActiveCfg = Debug|Any CPU
		{FF845703-D8EF-C671-5CBB-2820CBD4D1F1}.Debug|Any CPU.Build.0 = Debug|Any CPU
		{FF845703-D8EF-C671-5CBB-2820CBD4D1F1}.Release|Any CPU.ActiveCfg = Release|Any CPU
		{FF845703-D8EF-C671-5CBB-2820CBD4D1F1}.Release|Any CPU.Build.0 = Release|Any CPU
		{4107A505-9C51-DBD3-2CC5-6848E0230AA0}.Debug|Any CPU.ActiveCfg = Debug|Any CPU
		{4107A505-9C51-DBD3-2CC5-6848E0230AA0}.Debug|Any CPU.Build.0 = Debug|Any CPU
		{4107A505-9C51-DBD3-2CC5-6848E0230AA0}.Release|Any CPU.ActiveCfg = Release|Any CPU
		{4107A505-9C51-DBD3-2CC5-6848E0230AA0}.Release|Any CPU.Build.0 = Release|Any CPU
		{A3E209B5-A64B-64E0-54E3-4488071736EA}.Debug|Any CPU.ActiveCfg = Debug|Any CPU
		{A3E209B5-A64B-64E0-54E3-4488071736EA}.Debug|Any CPU.Build.0 = Debug|Any CPU
		{A3E209B5-A64B-64E0-54E3-4488071736EA}.Release|Any CPU.ActiveCfg = Release|Any CPU
		{A3E209B5-A64B-64E0-54E3-4488071736EA}.Release|Any CPU.Build.0 = Release|Any CPU
		{7F850B38-21E1-B485-28F6-23D1181096DC}.Debug|Any CPU.ActiveCfg = Debug|Any CPU
		{7F850B38-21E1-B485-28F6-23D1181096DC}.Debug|Any CPU.Build.0 = Debug|Any CPU
		{7F850B38-21E1-B485-28F6-23D1181096DC}.Release|Any CPU.ActiveCfg = Release|Any CPU
		{7F850B38-21E1-B485-28F6-23D1181096DC}.Release|Any CPU.Build.0 = Release|Any CPU
		{F9407FC0-A744-66C7-6C1D-1537DF90D44B}.Debug|Any CPU.ActiveCfg = Debug|Any CPU
		{F9407FC0-A744-66C7-6C1D-1537DF90D44B}.Debug|Any CPU.Build.0 = Debug|Any CPU
		{F9407FC0-A744-66C7-6C1D-1537DF90D44B}.Release|Any CPU.ActiveCfg = Release|Any CPU
		{F9407FC0-A744-66C7-6C1D-1537DF90D44B}.Release|Any CPU.Build.0 = Release|Any CPU
		{7C5D5D0B-53E0-9815-7309-2DE9F326F316}.Debug|Any CPU.ActiveCfg = Debug|Any CPU
		{7C5D5D0B-53E0-9815-7309-2DE9F326F316}.Debug|Any CPU.Build.0 = Debug|Any CPU
		{7C5D5D0B-53E0-9815-7309-2DE9F326F316}.Release|Any CPU.ActiveCfg = Release|Any CPU
		{7C5D5D0B-53E0-9815-7309-2DE9F326F316}.Release|Any CPU.Build.0 = Release|Any CPU
		{59327D1B-E584-E008-099D-D0F729CAE684}.Debug|Any CPU.ActiveCfg = Debug|Any CPU
		{59327D1B-E584-E008-099D-D0F729CAE684}.Debug|Any CPU.Build.0 = Debug|Any CPU
		{59327D1B-E584-E008-099D-D0F729CAE684}.Release|Any CPU.ActiveCfg = Release|Any CPU
		{59327D1B-E584-E008-099D-D0F729CAE684}.Release|Any CPU.Build.0 = Release|Any CPU
		{138AF6B7-7BC6-9805-0316-836AE397386C}.Debug|Any CPU.ActiveCfg = Debug|Any CPU
		{138AF6B7-7BC6-9805-0316-836AE397386C}.Debug|Any CPU.Build.0 = Debug|Any CPU
		{138AF6B7-7BC6-9805-0316-836AE397386C}.Release|Any CPU.ActiveCfg = Release|Any CPU
		{138AF6B7-7BC6-9805-0316-836AE397386C}.Release|Any CPU.Build.0 = Release|Any CPU
		{43BA0ABD-A643-5FE3-3340-86B9ED25C401}.Debug|Any CPU.ActiveCfg = Debug|Any CPU
		{43BA0ABD-A643-5FE3-3340-86B9ED25C401}.Debug|Any CPU.Build.0 = Debug|Any CPU
		{43BA0ABD-A643-5FE3-3340-86B9ED25C401}.Release|Any CPU.ActiveCfg = Release|Any CPU
		{43BA0ABD-A643-5FE3-3340-86B9ED25C401}.Release|Any CPU.Build.0 = Release|Any CPU
		{0E1E8F79-6F46-864F-DF71-C1C33B96E582}.Debug|Any CPU.ActiveCfg = Debug|Any CPU
		{0E1E8F79-6F46-864F-DF71-C1C33B96E582}.Debug|Any CPU.Build.0 = Debug|Any CPU
		{0E1E8F79-6F46-864F-DF71-C1C33B96E582}.Release|Any CPU.ActiveCfg = Release|Any CPU
		{0E1E8F79-6F46-864F-DF71-C1C33B96E582}.Release|Any CPU.Build.0 = Release|Any CPU
	EndGlobalSection
	GlobalSection(SolutionProperties) = preSolution
		HideSolutionNode = FALSE
	EndGlobalSection
EndGlobal
